{
    "_meta": {
        "hash": {
            "sha256": "385628d6d3955639b81eab422174657220f81e82f796b14d5e69215864501692"
        },
        "pipfile-spec": 6,
        "requires": {},
        "sources": [
            {
                "name": "pypi",
                "url": "https://pypi.org/simple",
                "verify_ssl": true
            }
        ]
    },
    "default": {
        "argparse": {
            "hashes": [
                "sha256:62b089a55be1d8949cd2bc7e0df0bddb9e028faefc8c32038cc84862aefdd6e4",
                "sha256:c31647edb69fd3d465a847ea3157d37bed1f95f19760b11a47aa91c04b666314"
            ],
            "index": "pypi",
            "version": "==1.4.0"
        },
        "click": {
            "hashes": [
                "sha256:8c04c11192119b1ef78ea049e0a6f0463e4c48ef00a30160c704337586f3ad7a",
                "sha256:fba402a4a47334742d782209a7c79bc448911afe1149d07bdabdf480b3e2f4b6"
            ],
            "markers": "python_version >= '3.6'",
            "version": "==8.0.1"
        },
        "colorama": {
            "hashes": [
                "sha256:5941b2b48a20143d2267e95b1c2a7603ce057ee39fd88e7329b0c292aa16869b",
                "sha256:9f47eda37229f68eee03b24b9748937c7dc3868f906e8ba69fbcbdd3bc5dc3e2"
            ],
            "markers": "platform_system == 'Windows' and platform_system == 'Windows'",
            "version": "==0.4.4"
        },
        "cycler": {
            "hashes": [
                "sha256:1d8a5ae1ff6c5cf9b93e8811e581232ad8920aeec647c37316ceac982b08cb2d",
                "sha256:cd7b2d1018258d7247a71425e9f26463dfb444d411c39569972f4ce586b0c9d8"
            ],
            "version": "==0.10.0"
        },
        "datetime": {
            "hashes": [
                "sha256:371dba07417b929a4fa685c2f7a3eaa6a62d60c02947831f97d4df9a9e70dfd0",
                "sha256:5cef605bab8259ff61281762cdf3290e459fbf0b4719951d5fab967d5f2ea0ea"
            ],
            "index": "pypi",
            "version": "==4.3"
        },
        "joblib": {
            "hashes": [
                "sha256:9c17567692206d2f3fb9ecf5e991084254fe631665c450b443761c4186a613f7",
                "sha256:feeb1ec69c4d45129954f1b7034954241eedfd6ba39b5e9e4b6883be3332d5e5"
            ],
            "markers": "python_version >= '3.6'",
            "version": "==1.0.1"
        },
        "kiwisolver": {
            "hashes": [
                "sha256:0007840186bacfaa0aba4466d5890334ea5938e0bb7e28078a0eb0e63b5b59d5",
                "sha256:19554bd8d54cf41139f376753af1a644b63c9ca93f8f72009d50a2080f870f77",
                "sha256:1d45d1c74f88b9f41062716c727f78f2a59a5476ecbe74956fafb423c5c87a76",
                "sha256:1d819553730d3c2724582124aee8a03c846ec4362ded1034c16fb3ef309264e6",
                "sha256:2210f28778c7d2ee13f3c2a20a3a22db889e75f4ec13a21072eabb5693801e84",
                "sha256:22521219ca739654a296eea6d4367703558fba16f98688bd8ce65abff36eaa84",
                "sha256:25405f88a37c5f5bcba01c6e350086d65e7465fd1caaf986333d2a045045a223",
                "sha256:2b65bd35f3e06a47b5c30ea99e0c2b88f72c6476eedaf8cfbc8e66adb5479dcf",
                "sha256:2ddb500a2808c100e72c075cbb00bf32e62763c82b6a882d403f01a119e3f402",
                "sha256:2f8f6c8f4f1cff93ca5058d6ec5f0efda922ecb3f4c5fb76181f327decff98b8",
                "sha256:30fa008c172355c7768159983a7270cb23838c4d7db73d6c0f6b60dde0d432c6",
                "sha256:3dbb3cea20b4af4f49f84cffaf45dd5f88e8594d18568e0225e6ad9dec0e7967",
                "sha256:4116ba9a58109ed5e4cb315bdcbff9838f3159d099ba5259c7c7fb77f8537492",
                "sha256:44e6adf67577dbdfa2d9f06db9fbc5639afefdb5bf2b4dfec25c3a7fbc619536",
                "sha256:5326ddfacbe51abf9469fe668944bc2e399181a2158cb5d45e1d40856b2a0589",
                "sha256:70adc3658138bc77a36ce769f5f183169bc0a2906a4f61f09673f7181255ac9b",
                "sha256:72be6ebb4e92520b9726d7146bc9c9b277513a57a38efcf66db0620aec0097e0",
                "sha256:7843b1624d6ccca403a610d1277f7c28ad184c5aa88a1750c1a999754e65b439",
                "sha256:7ba5a1041480c6e0a8b11a9544d53562abc2d19220bfa14133e0cdd9967e97af",
                "sha256:80efd202108c3a4150e042b269f7c78643420cc232a0a771743bb96b742f838f",
                "sha256:82f49c5a79d3839bc8f38cb5f4bfc87e15f04cbafa5fbd12fb32c941cb529cfb",
                "sha256:83d2c9db5dfc537d0171e32de160461230eb14663299b7e6d18ca6dca21e4977",
                "sha256:8d93a1095f83e908fc253f2fb569c2711414c0bfd451cab580466465b235b470",
                "sha256:8dc3d842fa41a33fe83d9f5c66c0cc1f28756530cd89944b63b072281e852031",
                "sha256:9661a04ca3c950a8ac8c47f53cbc0b530bce1b52f516a1e87b7736fec24bfff0",
                "sha256:a498bcd005e8a3fedd0022bb30ee0ad92728154a8798b703f394484452550507",
                "sha256:a7a4cf5bbdc861987a7745aed7a536c6405256853c94abc9f3287c3fa401b174",
                "sha256:b5074fb09429f2b7bc82b6fb4be8645dcbac14e592128beeff5461dcde0af09f",
                "sha256:b6a5431940f28b6de123de42f0eb47b84a073ee3c3345dc109ad550a3307dd28",
                "sha256:ba677bcaff9429fd1bf01648ad0901cea56c0d068df383d5f5856d88221fe75b",
                "sha256:bcadb05c3d4794eb9eee1dddf1c24215c92fb7b55a80beae7a60530a91060560",
                "sha256:bf7eb45d14fc036514c09554bf983f2a72323254912ed0c3c8e697b62c4c158f",
                "sha256:c358721aebd40c243894298f685a19eb0491a5c3e0b923b9f887ef1193ddf829",
                "sha256:c4550a359c5157aaf8507e6820d98682872b9100ce7607f8aa070b4b8af6c298",
                "sha256:c6572c2dab23c86a14e82c245473d45b4c515314f1f859e92608dcafbd2f19b8",
                "sha256:cba430db673c29376135e695c6e2501c44c256a81495da849e85d1793ee975ad",
                "sha256:dedc71c8eb9c5096037766390172c34fb86ef048b8e8958b4e484b9e505d66bc",
                "sha256:e6f5eb2f53fac7d408a45fbcdeda7224b1cfff64919d0f95473420a931347ae9",
                "sha256:ec2eba188c1906b05b9b49ae55aae4efd8150c61ba450e6721f64620c50b59eb",
                "sha256:ee040a7de8d295dbd261ef2d6d3192f13e2b08ec4a954de34a6fb8ff6422e24c",
                "sha256:eedd3b59190885d1ebdf6c5e0ca56828beb1949b4dfe6e5d0256a461429ac386",
                "sha256:f441422bb313ab25de7b3dbfd388e790eceb76ce01a18199ec4944b369017009",
                "sha256:f8eb7b6716f5b50e9c06207a14172cf2de201e41912ebe732846c02c830455b9",
                "sha256:fc4453705b81d03568d5b808ad8f09c77c47534f6ac2e72e733f9ca4714aa75c"
            ],
            "markers": "python_version >= '3.7'",
            "version": "==1.3.2"
        },
        "llvmlite": {
            "hashes": [
                "sha256:14030a1c0f9aee0185db069163240c51d4e8a3eec0daf02468e057281dee612b",
                "sha256:15b8ac7a489e31b7d5c482193edaa44374e3c18e409bea494224e31eb60e38e5",
                "sha256:30431fe9a9b7b1c3585b71149cc11dc79b9d62dc86d3db15c3dcca33d274b5be",
                "sha256:447b01c25d18921c4179f2eccba218d7c82b65cfe3952b0d018d569945427bf9",
                "sha256:4616e17914fcc7c5bfb7d1014acbd4fca478949820e86218a29d9473d0aa221b",
                "sha256:4c1e91fd4ba2764161e9a05b6fff46a52d26170186bad99629777e8c7246f0ef",
                "sha256:57c1dae337863b497c141d40736041d4acb7769226b44fe05959fce3c3570d5d",
                "sha256:6392b870cd018ec0c645d6bbb918d6aa0eeca8c62674baaee30862d6b6865b15",
                "sha256:7449acca596f45e9e12b20c0b72d184f83025341cc2d44d7ccf5fe31356dcd08",
                "sha256:74b6c3d2eb8cef32a09e8fd7637d0d37628c74f4deedf9361e0c0ebecc239208",
                "sha256:794191922ac6414c55d66058eaba8b88a630c6e9f2cf0db7e8e661e74d71fa14",
                "sha256:995c1a2c8b6a11a7f2c66e52576de6a28292d37842d383aae5be7b965b56d10f",
                "sha256:ab00b7996e5ef795f59d95d3125850f3af28d19e43bdc08473947cb8045ce098",
                "sha256:b6466d6369051e5c083b15cf285c00595ddb7f828be1ebecb1dfb97f3fab0bff",
                "sha256:c92a209439fd0b8a41f6e2aba1d3afa260357028a29ed7db8c602c4d67c21540",
                "sha256:cf7d623d33d24df51adc4e9e9f5734df752330661793d1662425ad2e926cb2d4",
                "sha256:d31a3bd69894b31bbc68df00e0b37b0980a0cf025f9dbea9cdd37988230c33a3",
                "sha256:df1d1b162a426480b37d6c4adeddff49e2fb9f71b307c7facac67bdce4767746",
                "sha256:f9e84d683943c2f636b08db9b2d182d4b40b83e1a3e31e100af3bb9ed8d94bcd"
            ],
            "markers": "python_version < '3.10' and python_version >= '3.7'",
            "version": "==0.37.0"
        },
        "lxml": {
            "hashes": [
                "sha256:079f3ae844f38982d156efce585bc540c16a926d4436712cf4baee0cce487a3d",
                "sha256:0fbcf5565ac01dff87cbfc0ff323515c823081c5777a9fc7703ff58388c258c3",
                "sha256:122fba10466c7bd4178b07dba427aa516286b846b2cbd6f6169141917283aae2",
                "sha256:1b38116b6e628118dea5b2186ee6820ab138dbb1e24a13e478490c7db2f326ae",
                "sha256:1b7584d421d254ab86d4f0b13ec662a9014397678a7c4265a02a6d7c2b18a75f",
                "sha256:26e761ab5b07adf5f555ee82fb4bfc35bf93750499c6c7614bd64d12aaa67927",
                "sha256:289e9ca1a9287f08daaf796d96e06cb2bc2958891d7911ac7cae1c5f9e1e0ee3",
                "sha256:2a9d50e69aac3ebee695424f7dbd7b8c6d6eb7de2a2eb6b0f6c7db6aa41e02b7",
                "sha256:3082c518be8e97324390614dacd041bb1358c882d77108ca1957ba47738d9d59",
                "sha256:33bb934a044cf32157c12bfcfbb6649807da20aa92c062ef51903415c704704f",
                "sha256:3439c71103ef0e904ea0a1901611863e51f50b5cd5e8654a151740fde5e1cade",
                "sha256:36108c73739985979bf302006527cf8a20515ce444ba916281d1c43938b8bb96",
                "sha256:39b78571b3b30645ac77b95f7c69d1bffc4cf8c3b157c435a34da72e78c82468",
                "sha256:4289728b5e2000a4ad4ab8da6e1db2e093c63c08bdc0414799ee776a3f78da4b",
                "sha256:4bff24dfeea62f2e56f5bab929b4428ae6caba2d1eea0c2d6eb618e30a71e6d4",
                "sha256:4c61b3a0db43a1607d6264166b230438f85bfed02e8cff20c22e564d0faff354",
                "sha256:542d454665a3e277f76954418124d67516c5f88e51a900365ed54a9806122b83",
                "sha256:5a0a14e264069c03e46f926be0d8919f4105c1623d620e7ec0e612a2e9bf1c04",
                "sha256:5c8c163396cc0df3fd151b927e74f6e4acd67160d6c33304e805b84293351d16",
                "sha256:64812391546a18896adaa86c77c59a4998f33c24788cadc35789e55b727a37f4",
                "sha256:66e575c62792c3f9ca47cb8b6fab9e35bab91360c783d1606f758761810c9791",
                "sha256:6f12e1427285008fd32a6025e38e977d44d6382cf28e7201ed10d6c1698d2a9a",
                "sha256:74f7d8d439b18fa4c385f3f5dfd11144bb87c1da034a466c5b5577d23a1d9b51",
                "sha256:7610b8c31688f0b1be0ef882889817939490a36d0ee880ea562a4e1399c447a1",
                "sha256:76fa7b1362d19f8fbd3e75fe2fb7c79359b0af8747e6f7141c338f0bee2f871a",
                "sha256:7728e05c35412ba36d3e9795ae8995e3c86958179c9770e65558ec3fdfd3724f",
                "sha256:8157dadbb09a34a6bd95a50690595e1fa0af1a99445e2744110e3dca7831c4ee",
                "sha256:820628b7b3135403540202e60551e741f9b6d3304371712521be939470b454ec",
                "sha256:884ab9b29feaca361f7f88d811b1eea9bfca36cf3da27768d28ad45c3ee6f969",
                "sha256:89b8b22a5ff72d89d48d0e62abb14340d9e99fd637d046c27b8b257a01ffbe28",
                "sha256:92e821e43ad382332eade6812e298dc9701c75fe289f2a2d39c7960b43d1e92a",
                "sha256:b007cbb845b28db4fb8b6a5cdcbf65bacb16a8bd328b53cbc0698688a68e1caa",
                "sha256:bc4313cbeb0e7a416a488d72f9680fffffc645f8a838bd2193809881c67dd106",
                "sha256:bccbfc27563652de7dc9bdc595cb25e90b59c5f8e23e806ed0fd623755b6565d",
                "sha256:c1a40c06fd5ba37ad39caa0b3144eb3772e813b5fb5b084198a985431c2f1e8d",
                "sha256:c47ff7e0a36d4efac9fd692cfa33fbd0636674c102e9e8d9b26e1b93a94e7617",
                "sha256:c4f05c5a7c49d2fb70223d0d5bcfbe474cf928310ac9fa6a7c6dddc831d0b1d4",
                "sha256:cdaf11d2bd275bf391b5308f86731e5194a21af45fbaaaf1d9e8147b9160ea92",
                "sha256:ce256aaa50f6cc9a649c51be3cd4ff142d67295bfc4f490c9134d0f9f6d58ef0",
                "sha256:d2e35d7bf1c1ac8c538f88d26b396e73dd81440d59c1ef8522e1ea77b345ede4",
                "sha256:d916d31fd85b2f78c76400d625076d9124de3e4bda8b016d25a050cc7d603f24",
                "sha256:df7c53783a46febb0e70f6b05df2ba104610f2fb0d27023409734a3ecbb78fb2",
                "sha256:e1cbd3f19a61e27e011e02f9600837b921ac661f0c40560eefb366e4e4fb275e",
                "sha256:efac139c3f0bf4f0939f9375af4b02c5ad83a622de52d6dfa8e438e8e01d0eb0",
                "sha256:efd7a09678fd8b53117f6bae4fa3825e0a22b03ef0a932e070c0bdbb3a35e654",
                "sha256:f2380a6376dfa090227b663f9678150ef27543483055cc327555fb592c5967e2",
                "sha256:f8380c03e45cf09f8557bdaa41e1fa7c81f3ae22828e1db470ab2a6c96d8bc23",
                "sha256:f90ba11136bfdd25cae3951af8da2e95121c9b9b93727b1b896e3fa105b2f586"
            ],
            "markers": "python_version >= '2.7' and python_version not in '3.0, 3.1, 3.2, 3.3, 3.4'",
            "version": "==4.6.3"
        },
        "matplotlib": {
            "hashes": [
                "sha256:01c9de93a2ca0d128c9064f23709362e7fefb34910c7c9e0b8ab0de8258d5eda",
                "sha256:41b6e307458988891fcdea2d8ecf84a8c92d53f84190aa32da65f9505546e684",
                "sha256:48e1e0859b54d5f2e29bb78ca179fd59b971c6ceb29977fb52735bfd280eb0f5",
                "sha256:54a026055d5f8614f184e588f6e29064019a0aa8448450214c0b60926d62d919",
                "sha256:556965514b259204637c360d213de28d43a1f4aed1eca15596ce83f768c5a56f",
                "sha256:5c988bb43414c7c2b0a31bd5187b4d27fd625c080371b463a6d422047df78913",
                "sha256:6a724e3a48a54b8b6e7c4ae38cd3d07084508fa47c410c8757e9db9791421838",
                "sha256:6be8df61b1626e1a142c57e065405e869e9429b4a6dab4a324757d0dc4d42235",
                "sha256:844a7b0233e4ff7fba57e90b8799edaa40b9e31e300b8d5efc350937fa8b1bea",
                "sha256:85f0c9cf724715e75243a7b3087cf4a3de056b55e05d4d76cc58d610d62894f3",
                "sha256:a78a3b51f29448c7f4d4575e561f6b0dbb8d01c13c2046ab6c5220eb25c06506",
                "sha256:b884715a59fec9ad3b6048ecf3860f3b2ce965e676ef52593d6fa29abcf7d330",
                "sha256:b8b53f336a4688cfce615887505d7e41fd79b3594bf21dd300531a4f5b4f746a",
                "sha256:c70b6311dda3e27672f1bf48851a0de816d1ca6aaf3d49365fbdd8e959b33d2b",
                "sha256:ebfb01a65c3f5d53a8c2a8133fec2b5221281c053d944ae81ff5822a68266617",
                "sha256:eeb1859efe7754b1460e1d4991bbd4a60a56f366bc422ef3a9c5ae05f0bc70b5",
                "sha256:f15edcb0629a0801738925fe27070480f446fcaa15de65946ff946ad99a59a40",
                "sha256:f1c5efc278d996af8a251b2ce0b07bbeccb821f25c8c9846bdcb00ffc7f158aa",
                "sha256:f72657f1596199dc1e4e7a10f52a4784ead8a711f4e5b59bea95bdb97cf0e4fd",
                "sha256:fc4f526dfdb31c9bd6b8ca06bf9fab663ca12f3ec9cdf4496fb44bc680140318",
                "sha256:fcd6f1954943c0c192bfbebbac263f839d7055409f1173f80d8b11a224d236da"
            ],
            "index": "pypi",
            "version": "==3.4.3"
        },
        "nltk": {
            "hashes": [
                "sha256:5db64a976e88cef0db9200c7f25aeceba8a86efbe09cc824f01a6d3163f7e937",
                "sha256:665225d585367f64a73ff1cb436964b425304dc772406653412e19dfe0157688"
            ],
            "index": "pypi",
            "version": "==3.6.3"
        },
        "numba": {
            "hashes": [
                "sha256:06b8a3d0896daad13bcdfe7c3d3431480aa4c12b3c4478b1c0c583394f3f63bc",
                "sha256:0801755ac3e05f7ba30c5404556cedc437f58baa3b1b4886c40c16f33c5d684c",
                "sha256:10f4e76dbf0a8f01a6fe9dd7d20e8f9c842c8a86c5ea9046fbf4c44c76c7451a",
                "sha256:13ee9e82b7ce3d147e0ec49d07034ffcc2e956df1cda9cbfd9ab855f2d50543b",
                "sha256:253f0989c1e1a0f4e6409eefeea59cddb11f181b44d75ac5a3a287cccff8c9f0",
                "sha256:27fdb46ea27c891b70f476f643af86d0af8c08a4d9d19a0ae28f80ce68efc550",
                "sha256:2e68807fe635792426ac2bf240bb031ef7fb0aab576ead556aa1fec7376f5d9a",
                "sha256:466099da7ab3d9b18b6e7cee420994f80acb6e3330a741e03030ac8eef4b3b78",
                "sha256:5963c6e39a25f8dfb85abd47451947b8a32e86b6ffcad091a01af37b27dcb11b",
                "sha256:61c037065c3762263d27bd08d87b7a00b18025016a54df836b096b689d1b8b91",
                "sha256:95718e256d2551e62d329a7d76193327c1974e9439cdba5929d383d86e664bb9",
                "sha256:97f996262a168d30b8d1d56b55a5a957229ff89ca2e436bd5c2d69afa441727d",
                "sha256:a33902c1861ec97cd92c7ded7ba4d6182bf5f91ed1228557f02ce5d3e5636301",
                "sha256:aaf44e8d3b0adaccaab7c19a6987850e8ad4130f8f5c99e203e8fb376d3f5abb",
                "sha256:b51e3624b9d05028181dd493588c28daba04ea901e9ca777e91897d4d82c9d32",
                "sha256:bad6bd98ab2e41c34aa9c80b8d9737e07d92a53df4f74d3ada1458b0b516ccff",
                "sha256:c27d7396e53a4daab0fdd2cd7181693797b5cedac1996855841be97fbf72d1de",
                "sha256:d6b30809ac4da6d25c51d0411ce034aa1c9b1f2eb20892bccede25a2ed70a70d",
                "sha256:ddf031ba9ddf0f1aeab0850efd7783121763600ca9f85dd3ee11ae97684c9ed6",
                "sha256:edf6744a906a107b49d601d7134fa318fcce9c3f468b5e4ac1fbe26ef3a3c03c",
                "sha256:f72aca38d8746adfb5018c58d41f683378e7d136e674281456ecc3e98ce09fbe",
                "sha256:fd3f98d3add16fce2a2792f6cf42eff97908324c0ae5038b0aa4c198dc7a7ab5"
            ],
            "markers": "python_version < '3.10' and python_version >= '3.7'",
            "version": "==0.54.0"
        },
        "numpy": {
            "hashes": [
                "sha256:012426a41bc9ab63bb158635aecccc7610e3eff5d31d1eb43bc099debc979d94",
                "sha256:06fab248a088e439402141ea04f0fffb203723148f6ee791e9c75b3e9e82f080",
                "sha256:0eef32ca3132a48e43f6a0f5a82cb508f22ce5a3d6f67a8329c81c8e226d3f6e",
                "sha256:1ded4fce9cfaaf24e7a0ab51b7a87be9038ea1ace7f34b841fe3b6894c721d1c",
                "sha256:2e55195bc1c6b705bfd8ad6f288b38b11b1af32f3c8289d6c50d47f950c12e76",
                "sha256:2ea52bd92ab9f768cc64a4c3ef8f4b2580a17af0a5436f6126b08efbd1838371",
                "sha256:36674959eed6957e61f11c912f71e78857a8d0604171dfd9ce9ad5cbf41c511c",
                "sha256:384ec0463d1c2671170901994aeb6dce126de0a95ccc3976c43b0038a37329c2",
                "sha256:39b70c19ec771805081578cc936bbe95336798b7edf4732ed102e7a43ec5c07a",
                "sha256:400580cbd3cff6ffa6293df2278c75aef2d58d8d93d3c5614cd67981dae68ceb",
                "sha256:43d4c81d5ffdff6bae58d66a3cd7f54a7acd9a0e7b18d97abb255defc09e3140",
                "sha256:50a4a0ad0111cc1b71fa32dedd05fa239f7fb5a43a40663269bb5dc7877cfd28",
                "sha256:603aa0706be710eea8884af807b1b3bc9fb2e49b9f4da439e76000f3b3c6ff0f",
                "sha256:6149a185cece5ee78d1d196938b2a8f9d09f5a5ebfbba66969302a778d5ddd1d",
                "sha256:759e4095edc3c1b3ac031f34d9459fa781777a93ccc633a472a5468587a190ff",
                "sha256:7fb43004bce0ca31d8f13a6eb5e943fa73371381e53f7074ed21a4cb786c32f8",
                "sha256:811daee36a58dc79cf3d8bdd4a490e4277d0e4b7d103a001a4e73ddb48e7e6aa",
                "sha256:8b5e972b43c8fc27d56550b4120fe6257fdc15f9301914380b27f74856299fea",
                "sha256:99abf4f353c3d1a0c7a5f27699482c987cf663b1eac20db59b8c7b061eabd7fc",
                "sha256:a0d53e51a6cb6f0d9082decb7a4cb6dfb33055308c4c44f53103c073f649af73",
                "sha256:a12ff4c8ddfee61f90a1633a4c4afd3f7bcb32b11c52026c92a12e1325922d0d",
                "sha256:a4646724fba402aa7504cd48b4b50e783296b5e10a524c7a6da62e4a8ac9698d",
                "sha256:a76f502430dd98d7546e1ea2250a7360c065a5fdea52b2dffe8ae7180909b6f4",
                "sha256:a9d17f2be3b427fbb2bce61e596cf555d6f8a56c222bd2ca148baeeb5e5c783c",
                "sha256:ab83f24d5c52d60dbc8cd0528759532736b56db58adaa7b5f1f76ad551416a1e",
                "sha256:aeb9ed923be74e659984e321f609b9ba54a48354bfd168d21a2b072ed1e833ea",
                "sha256:c843b3f50d1ab7361ca4f0b3639bf691569493a56808a0b0c54a051d260b7dbd",
                "sha256:cae865b1cae1ec2663d8ea56ef6ff185bad091a5e33ebbadd98de2cfa3fa668f",
                "sha256:cc6bd4fd593cb261332568485e20a0712883cf631f6f5e8e86a52caa8b2b50ff",
                "sha256:cf2402002d3d9f91c8b01e66fbb436a4ed01c6498fffed0e4c7566da1d40ee1e",
                "sha256:d051ec1c64b85ecc69531e1137bb9751c6830772ee5c1c426dbcfe98ef5788d7",
                "sha256:d6631f2e867676b13026e2846180e2c13c1e11289d67da08d71cacb2cd93d4aa",
                "sha256:dbd18bcf4889b720ba13a27ec2f2aac1981bd41203b3a3b27ba7a33f88ae4827",
                "sha256:df609c82f18c5b9f6cb97271f03315ff0dbe481a2a02e56aeb1b1a985ce38e60"
            ],
            "index": "pypi",
            "version": "==1.19.5"
        },
        "pandas": {
            "hashes": [
                "sha256:272c8cb14aa9793eada6b1ebe81994616e647b5892a370c7135efb2924b701df",
                "sha256:3334a5a9eeaca953b9db1b2b165dcdc5180b5011f3bec3a57a3580c9c22eae68",
                "sha256:37d63e78e87eb3791da7be4100a65da0383670c2b59e493d9e73098d7a879226",
                "sha256:3f5020613c1d8e304840c34aeb171377dc755521bf5e69804991030c2a48aec3",
                "sha256:45649503e167d45360aa7c52f18d1591a6d5c70d2f3a26bc90a3297a30ce9a66",
                "sha256:49fd2889d8116d7acef0709e4c82b8560a8b22b0f77471391d12c27596e90267",
                "sha256:4def2ef2fb7fcd62f2aa51bacb817ee9029e5c8efe42fe527ba21f6a3ddf1a9f",
                "sha256:53e2fb11f86f6253bb1df26e3aeab3bf2e000aaa32a953ec394571bec5dc6fd6",
                "sha256:629138b7cf81a2e55aa29ce7b04c1cece20485271d1f6c469c6a0c03857db6a4",
                "sha256:68408a39a54ebadb9014ee5a4fae27b2fe524317bc80adf56c9ac59e8f8ea431",
                "sha256:7326b37de08d42dd3fff5b7ef7691d0fd0bf2428f4ba5a2bdc3b3247e9a52e4c",
                "sha256:7557b39c8e86eb0543a17a002ac1ea0f38911c3c17095bc9350d0a65b32d801c",
                "sha256:86b16b1b920c4cb27fdd65a2c20258bcd9c794be491290660722bb0ea765054d",
                "sha256:a800df4e101b721e94d04c355e611863cc31887f24c0b019572e26518cbbcab6",
                "sha256:a9f1b54d7efc9df05320b14a48fb18686f781aa66cc7b47bb62fabfc67a0985c",
                "sha256:c399200631db9bd9335d013ec7fce4edb98651035c249d532945c78ad453f23a",
                "sha256:e574c2637c9d27f322e911650b36e858c885702c5996eda8a5a60e35e6648cf2",
                "sha256:e9bc59855598cb57f68fdabd4897d3ed2bc3a3b3bef7b868a0153c4cd03f3207",
                "sha256:ebbed7312547a924df0cbe133ff1250eeb94cdff3c09a794dc991c5621c8c735",
                "sha256:ed2f29b4da6f6ae7c68f4b3708d9d9e59fa89b2f9e87c2b64ce055cbd39f729e",
                "sha256:f7d84f321674c2f0f31887ee6d5755c54ca1ea5e144d6d54b3bbf566dd9ea0cc"
            ],
            "index": "pypi",
            "version": "==1.3.3"
        },
        "patsy": {
            "hashes": [
                "sha256:5053de7804676aba62783dbb0f23a2b3d74e35e5bfa238b88b7cbf148a38b69d",
                "sha256:cc80955ae8c13a7e7c4051eda7b277c8f909f50bc7d73e124bc38e2ee3d95041"
            ],
            "version": "==0.5.2"
        },
        "pillow": {
            "hashes": [
                "sha256:0412516dcc9de9b0a1e0ae25a280015809de8270f134cc2c1e32c4eeb397cf30",
                "sha256:04835e68ef12904bc3e1fd002b33eea0779320d4346082bd5b24bec12ad9c3e9",
                "sha256:06d1adaa284696785375fa80a6a8eb309be722cf4ef8949518beb34487a3df71",
                "sha256:085a90a99404b859a4b6c3daa42afde17cb3ad3115e44a75f0d7b4a32f06a6c9",
                "sha256:0b9911ec70731711c3b6ebcde26caea620cbdd9dcb73c67b0730c8817f24711b",
                "sha256:10e00f7336780ca7d3653cf3ac26f068fa11b5a96894ea29a64d3dc4b810d630",
                "sha256:11c27e74bab423eb3c9232d97553111cc0be81b74b47165f07ebfdd29d825875",
                "sha256:11eb7f98165d56042545c9e6db3ce394ed8b45089a67124298f0473b29cb60b2",
                "sha256:13654b521fb98abdecec105ea3fb5ba863d1548c9b58831dd5105bb3873569f1",
                "sha256:15ccb81a6ffc57ea0137f9f3ac2737ffa1d11f786244d719639df17476d399a7",
                "sha256:18a07a683805d32826c09acfce44a90bf474e6a66ce482b1c7fcd3757d588df3",
                "sha256:19ec4cfe4b961edc249b0e04b5618666c23a83bc35842dea2bfd5dfa0157f81b",
                "sha256:1c3ff00110835bdda2b1e2b07f4a2548a39744bb7de5946dc8e95517c4fb2ca6",
                "sha256:27a330bf7014ee034046db43ccbb05c766aa9e70b8d6c5260bfc38d73103b0ba",
                "sha256:2b11c9d310a3522b0fd3c35667914271f570576a0e387701f370eb39d45f08a4",
                "sha256:2c661542c6f71dfd9dc82d9d29a8386287e82813b0375b3a02983feac69ef864",
                "sha256:2cde7a4d3687f21cffdf5bb171172070bb95e02af448c4c8b2f223d783214056",
                "sha256:2d5e9dc0bf1b5d9048a94c48d0813b6c96fccfa4ccf276d9c36308840f40c228",
                "sha256:2f23b2d3079522fdf3c09de6517f625f7a964f916c956527bed805ac043799b8",
                "sha256:35d27687f027ad25a8d0ef45dd5208ef044c588003cdcedf05afb00dbc5c2deb",
                "sha256:35d409030bf3bd05fa66fb5fdedc39c521b397f61ad04309c90444e893d05f7d",
                "sha256:4326ea1e2722f3dc00ed77c36d3b5354b8fb7399fb59230249ea6d59cbed90da",
                "sha256:4abc247b31a98f29e5224f2d31ef15f86a71f79c7f4d2ac345a5d551d6393073",
                "sha256:4d89a2e9219a526401015153c0e9dd48319ea6ab9fe3b066a20aa9aee23d9fd3",
                "sha256:4e59e99fd680e2b8b11bbd463f3c9450ab799305d5f2bafb74fefba6ac058616",
                "sha256:548794f99ff52a73a156771a0402f5e1c35285bd981046a502d7e4793e8facaa",
                "sha256:56fd98c8294f57636084f4b076b75f86c57b2a63a8410c0cd172bc93695ee979",
                "sha256:59697568a0455764a094585b2551fd76bfd6b959c9f92d4bdec9d0e14616303a",
                "sha256:6bff50ba9891be0a004ef48828e012babaaf7da204d81ab9be37480b9020a82b",
                "sha256:6cb3dd7f23b044b0737317f892d399f9e2f0b3a02b22b2c692851fb8120d82c6",
                "sha256:7dbfbc0020aa1d9bc1b0b8bcf255a7d73f4ad0336f8fd2533fcc54a4ccfb9441",
                "sha256:838eb85de6d9307c19c655c726f8d13b8b646f144ca6b3771fa62b711ebf7624",
                "sha256:8b68f565a4175e12e68ca900af8910e8fe48aaa48fd3ca853494f384e11c8bcd",
                "sha256:8f284dc1695caf71a74f24993b7c7473d77bc760be45f776a2c2f4e04c170550",
                "sha256:963ebdc5365d748185fdb06daf2ac758116deecb2277ec5ae98139f93844bc09",
                "sha256:a048dad5ed6ad1fad338c02c609b862dfaa921fcd065d747194a6805f91f2196",
                "sha256:a1bd983c565f92779be456ece2479840ec39d386007cd4ae83382646293d681b",
                "sha256:a66566f8a22561fc1a88dc87606c69b84fa9ce724f99522cf922c801ec68f5c1",
                "sha256:bcb04ff12e79b28be6c9988f275e7ab69f01cc2ba319fb3114f87817bb7c74b6",
                "sha256:bd24054aaf21e70a51e2a2a5ed1183560d3a69e6f9594a4bfe360a46f94eba83",
                "sha256:be25cb93442c6d2f8702c599b51184bd3ccd83adebd08886b682173e09ef0c3f",
                "sha256:c691b26283c3a31594683217d746f1dad59a7ae1d4cfc24626d7a064a11197d4",
                "sha256:cc9d0dec711c914ed500f1d0d3822868760954dce98dfb0b7382a854aee55d19",
                "sha256:ce2e5e04bb86da6187f96d7bab3f93a7877830981b37f0287dd6479e27a10341",
                "sha256:ce651ca46d0202c302a535d3047c55a0131a720cf554a578fc1b8a2aff0e7d96",
                "sha256:d0c8ebbfd439c37624db98f3877d9ed12c137cadd99dde2d2eae0dab0bbfc355",
                "sha256:d675a876b295afa114ca8bf42d7f86b5fb1298e1b6bb9a24405a3f6c8338811c",
                "sha256:dde3f3ed8d00c72631bc19cbfff8ad3b6215062a5eed402381ad365f82f0c18c",
                "sha256:e5a31c07cea5edbaeb4bdba6f2b87db7d3dc0f446f379d907e51cc70ea375629",
                "sha256:f514c2717012859ccb349c97862568fdc0479aad85b0270d6b5a6509dbc142e2",
                "sha256:fc0db32f7223b094964e71729c0361f93db43664dd1ec86d3df217853cedda87",
                "sha256:fd4fd83aa912d7b89b4b4a1580d30e2a4242f3936882a3f433586e5ab97ed0d5",
                "sha256:feb5db446e96bfecfec078b943cc07744cc759893cef045aa8b8b6d6aaa8274e"
            ],
            "markers": "python_version >= '3.6'",
            "version": "==8.3.2"
        },
        "pynndescent": {
            "hashes": [
                "sha256:221124cbad8e3cf3ed421a4089d80ac5a29d3215e76cb49effc1df887533d2a8"
            ],
            "version": "==0.5.4"
        },
        "pyparsing": {
            "hashes": [
                "sha256:c203ec8783bf771a155b207279b9bccb8dea02d8f0c9e5f8ead507bc3246ecc1",
                "sha256:ef9d7589ef3c200abe66653d3f1ab1033c3c419ae9b9bdb1240a85b024efc88b"
            ],
            "markers": "python_version >= '2.6' and python_version not in '3.0, 3.1, 3.2, 3.3'",
            "version": "==2.4.7"
        },
        "python-dateutil": {
            "hashes": [
                "sha256:0123cacc1627ae19ddf3c27a5de5bd67ee4586fbdd6440d9748f8abb483d3e86",
                "sha256:961d03dc3453ebbc59dbdea9e4e11c5651520a876d0f4db161e8674aae935da9"
            ],
            "markers": "python_version >= '2.7' and python_version not in '3.0, 3.1, 3.2, 3.3'",
            "version": "==2.8.2"
        },
        "python-docx": {
            "hashes": [
                "sha256:1105d233a0956dd8dd1e710d20b159e2d72ac3c301041b95f4d4ceb3e0ebebc4"
            ],
            "index": "pypi",
            "version": "==0.8.11"
        },
        "pytz": {
            "hashes": [
                "sha256:3672058bc3453457b622aab7a1c3bfd5ab0bdae451512f6cf25f64ed37f5b87c",
                "sha256:acad2d8b20a1af07d4e4c9d2e9285c5ed9104354062f275f3fcd88dcef4f1326"
            ],
            "version": "==2021.3"
        },
        "regex": {
            "hashes": [
                "sha256:0de8ad66b08c3e673b61981b9e3626f8784d5564f8c3928e2ad408c0eb5ac38c",
                "sha256:1f1125bc5172ab3a049bc6f4b9c0aae95a2a2001a77e6d6e4239fa3653e202b5",
                "sha256:255791523f80ea8e48e79af7120b4697ef3b74f6886995dcdb08c41f8e516be0",
                "sha256:28040e89a04b60d579c69095c509a4f6a1a5379cd865258e3a186b7105de72c6",
                "sha256:37868075eda024470bd0feab872c692ac4ee29db1e14baec103257bf6cc64346",
                "sha256:3b71213ec3bad9a5a02e049f2ec86b3d7c3e350129ae0f4e2f99c12b5da919ed",
                "sha256:3be40f720af170a6b20ddd2ad7904c58b13d2b56f6734ee5d09bbdeed2fa4816",
                "sha256:42952d325439ef223e4e9db7ee6d9087b5c68c5c15b1f9de68e990837682fc7b",
                "sha256:470f2c882f2672d8eeda8ab27992aec277c067d280b52541357e1acd7e606dae",
                "sha256:4907fb0f9b9309a5bded72343e675a252c2589a41871874feace9a05a540241e",
                "sha256:4d87459ad3ab40cd8493774f8a454b2e490d8e729e7e402a0625867a983e4e02",
                "sha256:4fa7ba9ab2eba7284e0d7d94f61df7af86015b0398e123331362270d71fab0b9",
                "sha256:5b34d2335d6aedec7dcadd3f8283b9682fadad8b9b008da8788d2fce76125ebe",
                "sha256:6348a7ab2a502cbdd0b7fd0496d614007489adb7361956b38044d1d588e66e04",
                "sha256:638e98d069b14113e8afba6a54d1ca123f712c0d105e67c1f9211b2a825ef926",
                "sha256:66696c8336a1b5d1182464f3af3427cc760118f26d0b09a2ddc16a976a4d2637",
                "sha256:78cf6a1e023caf5e9a982f5377414e1aeac55198831b852835732cfd0a0ca5ff",
                "sha256:81e125d9ba54c34579e4539a967e976a3c56150796674aec318b1b2f49251be7",
                "sha256:81fdc90f999b2147fc62e303440c424c47e5573a9b615ed5d43a5b832efcca9e",
                "sha256:87e9c489aa98f50f367fb26cc9c8908d668e9228d327644d7aa568d47e456f47",
                "sha256:8c1ad61fa024195136a6b7b89538030bd00df15f90ac177ca278df9b2386c96f",
                "sha256:9910869c472e5a6728680ca357b5846546cbbd2ab3ad5bef986ef0bc438d0aa6",
                "sha256:9925985be05d54b3d25fd6c1ea8e50ff1f7c2744c75bdc4d3b45c790afa2bcb3",
                "sha256:9a0b0db6b49da7fa37ca8eddf9f40a8dbc599bad43e64f452284f37b6c34d91c",
                "sha256:9c065d95a514a06b92a5026766d72ac91bfabf581adb5b29bc5c91d4b3ee9b83",
                "sha256:a6f08187136f11e430638c2c66e1db091105d7c2e9902489f0dbc69b44c222b4",
                "sha256:ad0517df22a97f1da20d8f1c8cb71a5d1997fa383326b81f9cf22c9dadfbdf34",
                "sha256:b345ecde37c86dd7084c62954468a4a655fd2d24fd9b237949dd07a4d0dd6f4c",
                "sha256:b55442650f541d195a535ccec33078c78a9521973fb960923da7515e9ed78fa6",
                "sha256:c2b180ed30856dfa70cfe927b0fd38e6b68198a03039abdbeb1f2029758d87e7",
                "sha256:c9e30838df7bfd20db6466fd309d9b580d32855f8e2c2e6d74cf9da27dcd9b63",
                "sha256:cae4099031d80703954c39680323dabd87a69b21262303160776aa0e55970ca0",
                "sha256:ce7b1cca6c23f19bee8dc40228d9c314d86d1e51996b86f924aca302fc8f8bf9",
                "sha256:d0861e7f6325e821d5c40514c551fd538b292f8cc3960086e73491b9c5d8291d",
                "sha256:d331f238a7accfbbe1c4cd1ba610d4c087b206353539331e32a8f05345c74aec",
                "sha256:e07049cece3462c626d650e8bf42ddbca3abf4aa08155002c28cb6d9a5a281e2",
                "sha256:e2cb7d4909ed16ed35729d38af585673f1f0833e73dfdf0c18e5be0061107b99",
                "sha256:e3770781353a4886b68ef10cec31c1f61e8e3a0be5f213c2bb15a86efd999bc4",
                "sha256:e502f8d4e5ef714bcc2c94d499684890c94239526d61fdf1096547db91ca6aa6",
                "sha256:e6f2d2f93001801296fe3ca86515eb04915472b5380d4d8752f09f25f0b9b0ed",
                "sha256:f588209d3e4797882cd238195c175290dbc501973b10a581086b5c6bcd095ffb"
            ],
            "version": "==2021.9.30"
        },
        "scikit-learn": {
            "hashes": [
                "sha256:121f78d6564000dc5e968394f45aac87981fcaaf2be40cfcd8f07b2baa1e1829",
                "sha256:14bd46639b2149b3ed613adc095511313a0db62ba9fa31117bdcb5c23722e93b",
                "sha256:190c178028f9073d9f61cd30a19c685993236b9b2df884f16608cbb3ff03800b",
                "sha256:29559c207616604bbaa664bf98eed81b32d9f3d4c975065a206a5e2b268fe784",
                "sha256:4cb5ccb2b63c617ead48c6d92001273ad1b0e8e2bd4a4857edb58749a88b6d82",
                "sha256:555f4b4c10d3bef9e3cda63c3b45670a091fb50328fccd54948cd8a7cf887198",
                "sha256:56ab58978c7aa181856a42f8f491be953b755105040aeb070ebd6b180896f146",
                "sha256:663a6aaad92e5690b03d931f849016c9718beaa654e9a15f08bfcac750241036",
                "sha256:6a056637f7f9876e4c9db9b5434d340e0c97e25f00c4c04458f0ff906e82488e",
                "sha256:6d8bdacde73f5f484325179f466ce2011f79360e9a152100179c3dafb88f2a35",
                "sha256:776800194e757cd212b47cd05907e0eb67a554ad333fe76776060dbb729e3427",
                "sha256:83ab0d0447b8de8450c554952a8399791544605caf274fc3c904e247e1584ced",
                "sha256:9d8caf7fa58791b6b26e912e44d5056818b7bb3142bfa7806f54bde47c189078",
                "sha256:9f103cd6d7e15fa537a844c1a85c9beeeee8ec38357287c9efd3ee4bb8354e1d",
                "sha256:af94b89a8f7759603c696b320e86e57f4b2bb4911e02bf2bae33c714ac498fb8",
                "sha256:b1df4d1151dd6d945324583125e6449bb74ec7cd91ffd7f850015cdb75f151b5",
                "sha256:b9f10b85dcd9ce80f738e33f55a32b3a538b47409dc1a59eec30b46ea96759db",
                "sha256:c1f710bba72925aa96e60828df5d2a4872f5d4a4ad7bb4a4c9a6a41c9ce9a198",
                "sha256:c9c329ec195cdea6a4dee3cebdb1602f4e0f69351c63bc58a4812f3c8a9f4f2d",
                "sha256:e35135657b7103a70298cf557e4fad06af97607cb0780d8f44a2f91ca7769458",
                "sha256:e8a6074f7d505bbfd30bcc1c57dc7cb150cc9c021459c2e2729854be1aefb5f7",
                "sha256:eed33b7ca2bf3fdd585339db42838ab0b641952e064564bff6e9a10573ea665c",
                "sha256:efeac34d0ce6bf9404d268545867cbde9d6ecadd0e9bd7e6b468e5f4e2349875",
                "sha256:f7053801ceb7c51ce674c6a8e37a18fcc221c292f66ef7da84744ecf13b4a0c0",
                "sha256:f8aecb3edc443e5625725ae1ef8f500fa78ce7cb0e864115864bb9f234d18290"
            ],
            "markers": "python_version >= '3.7'",
            "version": "==1.0"
        },
        "scipy": {
            "hashes": [
                "sha256:2a0eeaab01258e0870c4022a6cd329aef3b7c6c2b606bd7cf7bb2ba9820ae561",
                "sha256:3304bd5bc32e00954ac4b3f4cc382ca8824719bf348aacbec6347337d6b125fe",
                "sha256:3f52470e0548cdb74fb8ddf06773ffdcca7c97550f903b1c51312ec19243a7f7",
                "sha256:4729b41a4cdaf4cd011aeac816b532f990bdf97710cef59149d3e293115cf467",
                "sha256:4ee952f39a4a4c7ba775a32b664b1f4b74818548b65f765987adc14bb78f5802",
                "sha256:611f9cb459d0707dd8e4de0c96f86e93f61aac7475fcb225e9ec71fecdc5cebf",
                "sha256:6b47d5fa7ea651054362561a28b1ccc8da9368a39514c1bbf6c0977a1c376764",
                "sha256:71cfc96297617eab911e22216e8a8597703202e95636d9406df9af5c2ac99a2b",
                "sha256:787749110a23502031fb1643c55a2236c99c6b989cca703ea2114d65e21728ef",
                "sha256:90c07ba5f34f33299a428b0d4fa24c30d2ceba44d63f8385b2b05be460819fcb",
                "sha256:a496b42dbcd04ea9924f5e92be63af3d8e0f43a274b769bfaca0a297327d54ee",
                "sha256:bc61e3e5ff92d2f32bb263621d54a9cff5e3f7c420af3d1fa122ce2529de2bd9",
                "sha256:c9951e3746b68974125e5e3445008a4163dd6d20ae0bbdae22b38cb8951dc11b",
                "sha256:d1388fbac9dd591ea630da75c455f4cc637a7ca5ecb31a6b6cef430914749cde",
                "sha256:d13f31457f2216e5705304d9f28e2826edf75487410a57aa99263fa4ffd792c2",
                "sha256:d648aa85dd5074b1ed83008ae987c3fbb53d68af619fce1dee231f4d8bd40e2f",
                "sha256:da9c6b336e540def0b7fd65603da8abeb306c5fc9a5f4238665cbbb5ff95cf58",
                "sha256:e101bceeb9e65a90dadbc5ca31283403a2d4667b9c178db29109750568e8d112",
                "sha256:efdd3825d54c58df2cc394366ca4b9166cf940a0ebddeb87b6c10053deb625ea"
            ],
            "index": "pypi",
            "version": "==1.7.1"
        },
        "seaborn": {
            "hashes": [
                "sha256:85a6baa9b55f81a0623abddc4a26b334653ff4c6b18c418361de19dbba0ef283",
                "sha256:cf45e9286d40826864be0e3c066f98536982baf701a7caa386511792d61ff4f6"
            ],
            "index": "pypi",
            "version": "==0.11.2"
        },
        "six": {
            "hashes": [
                "sha256:1e61c37477a1626458e36f7b1d82aa5c9b094fa4802892072e49de9c60c4c926",
                "sha256:8abb2f1d86890a2dfb989f9a77cfcfd3e47c2a354b01111771326f8aa26e0254"
            ],
            "markers": "python_version >= '2.7' and python_version not in '3.0, 3.1, 3.2, 3.3'",
            "version": "==1.16.0"
        },
        "sklearn": {
            "hashes": [
                "sha256:e23001573aa194b834122d2b9562459bf5ae494a2d59ca6b8aa22c85a44c0e31"
            ],
            "index": "pypi",
            "version": "==0.0"
        },
        "statsmodels": {
            "hashes": [
                "sha256:2643cf99271c1dc9d61e6badb5d1f670e7bb2d0bc6aafd731b0e348a3aa78f63",
                "sha256:379b0116bc134a53e13d0fa0d12c7a06acca85c45502a2907d23c516e8252228",
                "sha256:3caf03a024987bb19ec198bb1bb67ab89bc8195e959a039e6f86050440085b1a",
                "sha256:4ac2fe813c7e2cdd7f1b3a7e53494c70939c06970d475f11c5a1faae91efac48",
                "sha256:823710d235f00b31785c845d595c14a9cae00d6f4dda9d4a916f1b0fec699397",
                "sha256:905bfcedcada6e854f36b70e16e8982e0905268d0317d6a2309f0bf61f602483",
                "sha256:9fd7fed6e6f810bf0097737af9233c69019e6ef17f1ef469a0cb4c4ea451e8b2",
                "sha256:b29ab5b4f5f182afbf8c6e3889cfcd438887fdb59e2d5452d99c7154e8af3926",
                "sha256:ea512ccd29f61c8bfdf8b8ba18bfda179371922f7f9f4c0bb0b8e694944271b0",
                "sha256:f2efc02011b7240a9e851acd76ab81150a07d35c97021cb0517887539a328f8a"
            ],
            "index": "pypi",
            "version": "==0.13.0"
        },
        "threadpoolctl": {
            "hashes": [
                "sha256:4fade5b3b48ae4b1c30f200b28f39180371104fccc642e039e0f2435ec8cc211",
                "sha256:d03115321233d0be715f0d3a5ad1d6c065fe425ddc2d671ca8e45e9fd5d7a52a"
            ],
            "markers": "python_version >= '3.6'",
            "version": "==3.0.0"
        },
        "tqdm": {
            "hashes": [
                "sha256:8dd278a422499cd6b727e6ae4061c40b48fce8b76d1ccbf5d34fca9b7f925b0c",
                "sha256:d359de7217506c9851b7869f3708d8ee53ed70a1b8edbba4dbcb47442592920d"
            ],
            "markers": "python_version >= '2.7' and python_version not in '3.0, 3.1, 3.2, 3.3'",
            "version": "==4.62.3"
        },
        "umap-learn": {
            "hashes": [
                "sha256:3e3e5e526109866012a9da79f423c922edc379c6cac9bf65ea08fbb9dd93ff3a"
            ],
            "index": "pypi",
            "version": "==0.5.1"
        },
        "yellowbrick": {
            "hashes": [
                "sha256:69b70196af1793d130d062326ef630a8630903d4f7499e010f662b0e450d1adb",
                "sha256:90c214cd28f236a3308994808e8e1d05bccce7dca6eb1673e72a2f9414e9da92"
            ],
            "index": "pypi",
            "version": "==1.3.post1"
        },
        "zipp": {
            "hashes": [
                "sha256:71c644c5369f4a6e07636f0aa966270449561fcea2e3d6747b8d23efaa9d7832",
                "sha256:9fe5ea21568a0a70e50f273397638d39b03353731e6cbbb3fd8502a33fec40bc"
            ],
            "markers": "python_version >= '3.6'",
            "version": "==3.6.0"
        },
        "zope.interface": {
            "hashes": [
                "sha256:08f9636e99a9d5410181ba0729e0408d3d8748026ea938f3b970a0249daa8192",
                "sha256:0b465ae0962d49c68aa9733ba92a001b2a0933c317780435f00be7ecb959c702",
                "sha256:0cba8477e300d64a11a9789ed40ee8932b59f9ee05f85276dbb4b59acee5dd09",
                "sha256:0cee5187b60ed26d56eb2960136288ce91bcf61e2a9405660d271d1f122a69a4",
                "sha256:0ea1d73b7c9dcbc5080bb8aaffb776f1c68e807767069b9ccdd06f27a161914a",
                "sha256:0f91b5b948686659a8e28b728ff5e74b1be6bf40cb04704453617e5f1e945ef3",
                "sha256:15e7d1f7a6ee16572e21e3576d2012b2778cbacf75eb4b7400be37455f5ca8bf",
                "sha256:17776ecd3a1fdd2b2cd5373e5ef8b307162f581c693575ec62e7c5399d80794c",
                "sha256:194d0bcb1374ac3e1e023961610dc8f2c78a0f5f634d0c737691e215569e640d",
                "sha256:1c0e316c9add0db48a5b703833881351444398b04111188069a26a61cfb4df78",
                "sha256:205e40ccde0f37496904572035deea747390a8b7dc65146d30b96e2dd1359a83",
                "sha256:273f158fabc5ea33cbc936da0ab3d4ba80ede5351babc4f577d768e057651531",
                "sha256:2876246527c91e101184f63ccd1d716ec9c46519cc5f3d5375a3351c46467c46",
                "sha256:2c98384b254b37ce50eddd55db8d381a5c53b4c10ee66e1e7fe749824f894021",
                "sha256:2e5a26f16503be6c826abca904e45f1a44ff275fdb7e9d1b75c10671c26f8b94",
                "sha256:334701327f37c47fa628fc8b8d28c7d7730ce7daaf4bda1efb741679c2b087fc",
                "sha256:3748fac0d0f6a304e674955ab1365d515993b3a0a865e16a11ec9d86fb307f63",
                "sha256:3c02411a3b62668200910090a0dff17c0b25aaa36145082a5a6adf08fa281e54",
                "sha256:3dd4952748521205697bc2802e4afac5ed4b02909bb799ba1fe239f77fd4e117",
                "sha256:3f24df7124c323fceb53ff6168da70dbfbae1442b4f3da439cd441681f54fe25",
                "sha256:469e2407e0fe9880ac690a3666f03eb4c3c444411a5a5fddfdabc5d184a79f05",
                "sha256:4de4bc9b6d35c5af65b454d3e9bc98c50eb3960d5a3762c9438df57427134b8e",
                "sha256:5208ebd5152e040640518a77827bdfcc73773a15a33d6644015b763b9c9febc1",
                "sha256:52de7fc6c21b419078008f697fd4103dbc763288b1406b4562554bd47514c004",
                "sha256:5bb3489b4558e49ad2c5118137cfeaf59434f9737fa9c5deefc72d22c23822e2",
                "sha256:5dba5f530fec3f0988d83b78cc591b58c0b6eb8431a85edd1569a0539a8a5a0e",
                "sha256:5dd9ca406499444f4c8299f803d4a14edf7890ecc595c8b1c7115c2342cadc5f",
                "sha256:5f931a1c21dfa7a9c573ec1f50a31135ccce84e32507c54e1ea404894c5eb96f",
                "sha256:63b82bb63de7c821428d513607e84c6d97d58afd1fe2eb645030bdc185440120",
                "sha256:66c0061c91b3b9cf542131148ef7ecbecb2690d48d1612ec386de9d36766058f",
                "sha256:6f0c02cbb9691b7c91d5009108f975f8ffeab5dff8f26d62e21c493060eff2a1",
                "sha256:71aace0c42d53abe6fc7f726c5d3b60d90f3c5c055a447950ad6ea9cec2e37d9",
                "sha256:7d97a4306898b05404a0dcdc32d9709b7d8832c0c542b861d9a826301719794e",
                "sha256:7df1e1c05304f26faa49fa752a8c690126cf98b40b91d54e6e9cc3b7d6ffe8b7",
                "sha256:8270252effc60b9642b423189a2fe90eb6b59e87cbee54549db3f5562ff8d1b8",
                "sha256:867a5ad16892bf20e6c4ea2aab1971f45645ff3102ad29bd84c86027fa99997b",
                "sha256:877473e675fdcc113c138813a5dd440da0769a2d81f4d86614e5d62b69497155",
                "sha256:8892f89999ffd992208754851e5a052f6b5db70a1e3f7d54b17c5211e37a98c7",
                "sha256:9a9845c4c6bb56e508651f005c4aeb0404e518c6f000d5a1123ab077ab769f5c",
                "sha256:a1e6e96217a0f72e2b8629e271e1b280c6fa3fe6e59fa8f6701bec14e3354325",
                "sha256:a8156e6a7f5e2a0ff0c5b21d6bcb45145efece1909efcbbbf48c56f8da68221d",
                "sha256:a9506a7e80bcf6eacfff7f804c0ad5350c8c95b9010e4356a4b36f5322f09abb",
                "sha256:af310ec8335016b5e52cae60cda4a4f2a60a788cbb949a4fbea13d441aa5a09e",
                "sha256:b0297b1e05fd128d26cc2460c810d42e205d16d76799526dfa8c8ccd50e74959",
                "sha256:bf68f4b2b6683e52bec69273562df15af352e5ed25d1b6641e7efddc5951d1a7",
                "sha256:d0c1bc2fa9a7285719e5678584f6b92572a5b639d0e471bb8d4b650a1a910920",
                "sha256:d4d9d6c1a455d4babd320203b918ccc7fcbefe308615c521062bc2ba1aa4d26e",
                "sha256:db1fa631737dab9fa0b37f3979d8d2631e348c3b4e8325d6873c2541d0ae5a48",
                "sha256:dd93ea5c0c7f3e25335ab7d22a507b1dc43976e1345508f845efc573d3d779d8",
                "sha256:f44e517131a98f7a76696a7b21b164bcb85291cee106a23beccce454e1f433a4",
                "sha256:f7ee479e96f7ee350db1cf24afa5685a5899e2b34992fb99e1f7c1b0b758d263"
            ],
            "markers": "python_version >= '2.7' and python_version not in '3.0, 3.1, 3.2, 3.3, 3.4'",
            "version": "==5.4.0"
        }
    },
    "develop": {}
}
